
Microsoft Visual Studio Solution File, Format Version 12.00
# Visual Studio 14
VisualStudioVersion = 14.0.25420.1
MinimumVisualStudioVersion = 10.0.40219.1
Project("{159641D6-6404-4A2A-AE62-294DE0FE8301}") = "UKGOSVR01 database", "UKGOSVR01 database\UKGOSVR01 database.dtproj", "{644E9DEF-DC09-4D9D-B8D1-7E85D261934B}"
EndProject
Global
	GlobalSection(SolutionConfigurationPlatforms) = preSolution
		Development|Default = Development|Default
	EndGlobalSection
	GlobalSection(ProjectConfigurationPlatforms) = postSolution
		{644E9DEF-DC09-4D9D-B8D1-7E85D261934B}.Development|Default.ActiveCfg = Development
		{644E9DEF-DC09-4D9D-B8D1-7E85D261934B}.Development|Default.Build.0 = Development
	EndGlobalSection
	GlobalSection(SolutionProperties) = preSolution
		HideSolutionNode = FALSE
	EndGlobalSection
EndGlobal
